
Microsoft Visual Studio Solution File, Format Version 12.00
# Visual Studio 15
VisualStudioVersion = 15.0.27703.2026
MinimumVisualStudioVersion = 10.0.40219.1
Project("{FAE04EC0-301F-11D3-BF4B-00C04F79EFBC}") = "Example01-Console", "Example01-Console\Example01-Console.csproj", "{00CB185E-8D27-4AB3-AC77-2302A47AE6D2}"
EndProject
Project("{FAE04EC0-301F-11D3-BF4B-00C04F79EFBC}") = "Example02-WinForm", "Example02-WinForm\Example02-WinForm.csproj", "{D296F166-4F6E-48D3-B8C4-376052088EDC}"
EndProject
Project("{FAE04EC0-301F-11D3-BF4B-00C04F79EFBC}") = "Example03-Console", "Example03-Console\Example03-Console.csproj", "{BF74209A-C398-4A83-8C51-DB4A5422B988}"
EndProject
Global
	GlobalSection(SolutionConfigurationPlatforms) = preSolution
		Debug|Any CPU = Debug|Any CPU
		Release|Any CPU = Release|Any CPU
	EndGlobalSection
	GlobalSection(ProjectConfigurationPlatforms) = postSolution
		{00CB185E-8D27-4AB3-AC77-2302A47AE6D2}.Debug|Any CPU.ActiveCfg = Debug|Any CPU
		{00CB185E-8D27-4AB3-AC77-2302A47AE6D2}.Debug|Any CPU.Build.0 = Debug|Any CPU
		{00CB185E-8D27-4AB3-AC77-2302A47AE6D2}.Release|Any CPU.ActiveCfg = Release|Any CPU
		{00CB185E-8D27-4AB3-AC77-2302A47AE6D2}.Release|Any CPU.Build.0 = Release|Any CPU
		{D296F166-4F6E-48D3-B8C4-376052088EDC}.Debug|Any CPU.ActiveCfg = Debug|Any CPU
		{D296F166-4F6E-48D3-B8C4-376052088EDC}.Debug|Any CPU.Build.0 = Debug|Any CPU
		{D296F166-4F6E-48D3-B8C4-376052088EDC}.Release|Any CPU.ActiveCfg = Release|Any CPU
		{D296F166-4F6E-48D3-B8C4-376052088EDC}.Release|Any CPU.Build.0 = Release|Any CPU
		{BF74209A-C398-4A83-8C51-DB4A5422B988}.Debug|Any CPU.ActiveCfg = Debug|Any CPU
		{BF74209A-C398-4A83-8C51-DB4A5422B988}.Debug|Any CPU.Build.0 = Debug|Any CPU
		{BF74209A-C398-4A83-8C51-DB4A5422B988}.Release|Any CPU.ActiveCfg = Release|Any CPU
		{BF74209A-C398-4A83-8C51-DB4A5422B988}.Release|Any CPU.Build.0 = Release|Any CPU
	EndGlobalSection
	GlobalSection(SolutionProperties) = preSolution
		HideSolutionNode = FALSE
	EndGlobalSection
	GlobalSection(ExtensibilityGlobals) = postSolution
		SolutionGuid = {3F31F5FE-8F51-4509-8918-4530812AE4B6}
	EndGlobalSection
EndGlobal
